
Microsoft Visual Studio Solution File, Format Version 12.00
# Visual Studio Version 17
VisualStudioVersion = 17.7.34009.444
MinimumVisualStudioVersion = 10.0.40219.1
Project("{FAE04EC0-301F-11D3-BF4B-00C04F79EFBC}") = "trabalholudo", "trabalholudo\trabalholudo.csproj", "{2FD19F7E-7DCF-44AE-961E-BE857B0BA546}"
EndProject
Global
	GlobalSection(SolutionConfigurationPlatforms) = preSolution
		Debug|Any CPU = Debug|Any CPU
		Release|Any CPU = Release|Any CPU
	EndGlobalSection
	GlobalSection(ProjectConfigurationPlatforms) = postSolution
		{2FD19F7E-7DCF-44AE-961E-BE857B0BA546}.Debug|Any CPU.ActiveCfg = Debug|Any CPU
		{2FD19F7E-7DCF-44AE-961E-BE857B0BA546}.Debug|Any CPU.Build.0 = Debug|Any CPU
		{2FD19F7E-7DCF-44AE-961E-BE857B0BA546}.Release|Any CPU.ActiveCfg = Release|Any CPU
		{2FD19F7E-7DCF-44AE-961E-BE857B0BA546}.Release|Any CPU.Build.0 = Release|Any CPU
	EndGlobalSection
	GlobalSection(SolutionProperties) = preSolution
		HideSolutionNode = FALSE
	EndGlobalSection
	GlobalSection(ExtensibilityGlobals) = postSolution
		SolutionGuid = {7DDDEBBD-83D5-4411-B5E8-70EC55BD5E17}
	EndGlobalSection
EndGlobal
